github.com/Buzz2d0/gval v1.2.1-0.20220519133458-d0e15ad78eb0 h1:R4xjEIMAto7kgkaDSovihoxeIpsC5YstQpEXsfeJ/Fk=
github.com/Buzz2d0/gval v1.2.1-0.20220519133458-d0e15ad78eb0/go.mod h1:XRFLwvmkTEdYziLdaCeCa5ImcGVrfQbeNUbVR+C6xac=
github.com/PaesslerAG/jsonpath v0.1.0 h1:gADYeifvlqK3R3i2cR5B4DGgxLXIPb3TRTH1mGi0jPI=
github.com/PaesslerAG/jsonpath v0.1.0/go.mod h1:4BzmtoM/PI8fPO4aQGIusjGxGir2BzcV0grWtFzq1Y8=
github.com/gokitx/pkgs v0.0.0-20220513054830-791dcf5b5c30 h1:m1h0RiMasSVGz8SdqbCU41Vu6uUWwIDhGG/YX0PywKg=
github.com/gokitx/pkgs v0.0.0-20220513054830-791dcf5b5c30/go.mod h1:yDg2f6+a29XSwxiYGEk9IUK1rjUMeHaqEnT4dBMWGBs=
github.com/shopspring/decimal v1.3.1 h1:2Usl1nmF/WZucqkFZhnfFYxxxu8LG21F6nPQBE5gKV8=
github.com/shopspring/decimal v1.3.1/go.mod h1:DKyhrW/HYNuLGql+MJL6WCR6knT2jwCFRcu2hWCYk4o=
golang.org/x/net v0.0.0-20220520000938-2e3eb7b945c2 h1:NWy5+hlRbC7HK+PmcXVUmW1IMyFce7to56IUvhUFm7Y=
golang.org/x/net v0.0.0-20220520000938-2e3eb7b945c2/go.mod h1:CfG3xpIq0wQ8r1q4Su4UZFWDARRcnwPjda9FqA0JpMk=
golang.org/x/text v0.3.7 h1:olpwvP2KacW1ZWvsR7uQhoyTYvKAupfQrRGBFM352Gk=
golang.org/x/text v0.3.7/go.mod h1:u+2+/6zg+i71rQMx5EYifcz6MCKuco9NR6JIITiCfzQ=
